Microsoft Visual Studio Solution File, Format Version 12.00
# Visual Studio Version 17
Project("{FAE04EC0-301F-11D3-BF4B-00C04F79EFBC}") = "Pidgeon.Core", "pidgeon-cli\src\Pidgeon.Core\Pidgeon.Core.csproj", "{A1E4C0DE-0001-4B6F-9C1A-D1C0FE000001}"
EndProject
Project("{FAE04EC0-301F-11D3-BF4B-00C04F79EFBC}") = "Pidgeon.Data.Baseline", "pidgeon-cli\src\Pidgeon.Data.Baseline\Pidgeon.Data.Baseline.csproj", "{A1E4C0DE-0002-4B6F-9C1A-D1C0FE000002}"
EndProject
Project("{FAE04EC0-301F-11D3-BF4B-00C04F79EFBC}") = "Pidgeon.Core.Architecture.Tests", "pidgeon-tests\unit\Pidgeon.Core.Architecture.Tests\Pidgeon.Core.Architecture.Tests.csproj", "{A1E4C0DE-0003-4B6F-9C1A-D1C0FE000003}"
EndProject
Project("{FAE04EC0-301F-11D3-BF4B-00C04F79EFBC}") = "Pidgeon.Core.Public.Tests", "pidgeon-tests\unit\Pidgeon.Core.Public.Tests\Pidgeon.Core.Public.Tests.csproj", "{A1E4C0DE-0004-4B6F-9C1A-D1C0FE000004}"
EndProject
Project("{FAE04EC0-301F-11D3-BF4B-00C04F79EFBC}") = "Pidgeon.SourceLinkVerifier", "pidgeon-tests\tools\Pidgeon.SourceLinkVerifier\Pidgeon.SourceLinkVerifier.csproj", "{A1E4C0DE-0005-4B6F-9C1A-D1C0FE000005}"
EndProject
Global
	GlobalSection(SolutionConfigurationPlatforms) = preSolution
		Debug|Any CPU = Debug|Any CPU
		Release|Any CPU = Release|Any CPU
	EndGlobalSection
	GlobalSection(ProjectConfigurationPlatforms) = postSolution
		{A1E4C0DE-0001-4B6F-9C1A-D1C0FE000001}.Debug|Any CPU.ActiveCfg = Debug|Any CPU
		{A1E4C0DE-0001-4B6F-9C1A-D1C0FE000001}.Debug|Any CPU.Build.0 = Debug|Any CPU
		{A1E4C0DE-0001-4B6F-9C1A-D1C0FE000001}.Release|Any CPU.ActiveCfg = Release|Any CPU
		{A1E4C0DE-0001-4B6F-9C1A-D1C0FE000001}.Release|Any CPU.Build.0 = Release|Any CPU
		{A1E4C0DE-0002-4B6F-9C1A-D1C0FE000002}.Debug|Any CPU.ActiveCfg = Debug|Any CPU
		{A1E4C0DE-0002-4B6F-9C1A-D1C0FE000002}.Debug|Any CPU.Build.0 = Debug|Any CPU
		{A1E4C0DE-0002-4B6F-9C1A-D1C0FE000002}.Release|Any CPU.ActiveCfg = Release|Any CPU
		{A1E4C0DE-0002-4B6F-9C1A-D1C0FE000002}.Release|Any CPU.Build.0 = Release|Any CPU
		{A1E4C0DE-0003-4B6F-9C1A-D1C0FE000003}.Debug|Any CPU.ActiveCfg = Debug|Any CPU
		{A1E4C0DE-0003-4B6F-9C1A-D1C0FE000003}.Debug|Any CPU.Build.0 = Debug|Any CPU
		{A1E4C0DE-0003-4B6F-9C1A-D1C0FE000003}.Release|Any CPU.ActiveCfg = Release|Any CPU
		{A1E4C0DE-0003-4B6F-9C1A-D1C0FE000003}.Release|Any CPU.Build.0 = Release|Any CPU
		{A1E4C0DE-0004-4B6F-9C1A-D1C0FE000004}.Debug|Any CPU.ActiveCfg = Debug|Any CPU
		{A1E4C0DE-0004-4B6F-9C1A-D1C0FE000004}.Debug|Any CPU.Build.0 = Debug|Any CPU
		{A1E4C0DE-0004-4B6F-9C1A-D1C0FE000004}.Release|Any CPU.ActiveCfg = Release|Any CPU
		{A1E4C0DE-0004-4B6F-9C1A-D1C0FE000004}.Release|Any CPU.Build.0 = Release|Any CPU
		{A1E4C0DE-0005-4B6F-9C1A-D1C0FE000005}.Debug|Any CPU.ActiveCfg = Debug|Any CPU
		{A1E4C0DE-0005-4B6F-9C1A-D1C0FE000005}.Debug|Any CPU.Build.0 = Debug|Any CPU
		{A1E4C0DE-0005-4B6F-9C1A-D1C0FE000005}.Release|Any CPU.ActiveCfg = Release|Any CPU
		{A1E4C0DE-0005-4B6F-9C1A-D1C0FE000005}.Release|Any CPU.Build.0 = Release|Any CPU
	EndGlobalSection
	GlobalSection(SolutionProperties) = preSolution
		HideSolutionNode = FALSE
	EndGlobalSection
EndGlobal
